
Microsoft Visual Studio Solution File, Format Version 12.00
# Visual Studio Version 17
VisualStudioVersion = 17.8.34227.203
MinimumVisualStudioVersion = 10.0.40219.1
Project("{FAE04EC0-301F-11D3-BF4B-00C04F79EFBC}") = "SMS-Bomber", "SMS-Bomber\SMS-Bomber.csproj", "{E8590F18-073A-4FDF-89D5-636C6AC23ACF}"
EndProject
Global
	GlobalSection(SolutionConfigurationPlatforms) = preSolution
		Debug|Any CPU = Debug|Any CPU
		Release|Any CPU = Release|Any CPU
	EndGlobalSection
	GlobalSection(ProjectConfigurationPlatforms) = postSolution
		{E8590F18-073A-4FDF-89D5-636C6AC23ACF}.Debug|Any CPU.ActiveCfg = Debug|Any CPU
		{E8590F18-073A-4FDF-89D5-636C6AC23ACF}.Debug|Any CPU.Build.0 = Debug|Any CPU
		{E8590F18-073A-4FDF-89D5-636C6AC23ACF}.Release|Any CPU.ActiveCfg = Release|Any CPU
		{E8590F18-073A-4FDF-89D5-636C6AC23ACF}.Release|Any CPU.Build.0 = Release|Any CPU
	EndGlobalSection
	GlobalSection(SolutionProperties) = preSolution
		HideSolutionNode = FALSE
	EndGlobalSection
	GlobalSection(ExtensibilityGlobals) = postSolution
		SolutionGuid = {D5051FCE-5EC2-47B1-B966-44B6BB4CCE65}
	EndGlobalSection
EndGlobal
